
Microsoft Visual Studio Solution File, Format Version 12.00
# Visual Studio Version 16
VisualStudioVersion = 16.0.30717.126
MinimumVisualStudioVersion = 10.0.40219.1
Project("{FAE04EC0-301F-11D3-BF4B-00C04F79EFBC}") = "MVC_KulüpYönetim", "MVC_KulüpYönetim\MVC_KulüpYönetim.csproj", "{71D8131F-7F47-4837-B355-3F659B1E6659}"
EndProject
Project("{FAE04EC0-301F-11D3-BF4B-00C04F79EFBC}") = "APİ_KulüpYönetim", "APİ_KulüpYönetim\APİ_KulüpYönetim.csproj", "{C74731AB-3210-44DC-897D-FF0B67777878}"
EndProject
Global
	GlobalSection(SolutionConfigurationPlatforms) = preSolution
		Debug|Any CPU = Debug|Any CPU
		Release|Any CPU = Release|Any CPU
	EndGlobalSection
	GlobalSection(ProjectConfigurationPlatforms) = postSolution
		{71D8131F-7F47-4837-B355-3F659B1E6659}.Debug|Any CPU.ActiveCfg = Debug|Any CPU
		{71D8131F-7F47-4837-B355-3F659B1E6659}.Debug|Any CPU.Build.0 = Debug|Any CPU
		{71D8131F-7F47-4837-B355-3F659B1E6659}.Release|Any CPU.ActiveCfg = Release|Any CPU
		{71D8131F-7F47-4837-B355-3F659B1E6659}.Release|Any CPU.Build.0 = Release|Any CPU
		{C74731AB-3210-44DC-897D-FF0B67777878}.Debug|Any CPU.ActiveCfg = Debug|Any CPU
		{C74731AB-3210-44DC-897D-FF0B67777878}.Debug|Any CPU.Build.0 = Debug|Any CPU
		{C74731AB-3210-44DC-897D-FF0B67777878}.Release|Any CPU.ActiveCfg = Release|Any CPU
		{C74731AB-3210-44DC-897D-FF0B67777878}.Release|Any CPU.Build.0 = Release|Any CPU
	EndGlobalSection
	GlobalSection(SolutionProperties) = preSolution
		HideSolutionNode = FALSE
	EndGlobalSection
	GlobalSection(ExtensibilityGlobals) = postSolution
		SolutionGuid = {07B7A22A-38D1-436D-9892-20A6F0230462}
	EndGlobalSection
EndGlobal
